
Microsoft Visual Studio Solution File, Format Version 12.00
# Visual Studio Version 17
VisualStudioVersion = 17.11.35222.181
MinimumVisualStudioVersion = 10.0.40219.1
Project("{9A19103F-16F7-4668-BE54-9A1E7A4F7556}") = "VisualAll", "VisualAll\VisualAll.csproj", "{2C446865-2A53-4F78-8129-E46AF2B41220}"
EndProject
Global
	GlobalSection(SolutionConfigurationPlatforms) = preSolution
		Debug|Any CPU = Debug|Any CPU
		Release|Any CPU = Release|Any CPU
	EndGlobalSection
	GlobalSection(ProjectConfigurationPlatforms) = postSolution
		{2C446865-2A53-4F78-8129-E46AF2B41220}.Debug|Any CPU.ActiveCfg = Debug|Any CPU
		{2C446865-2A53-4F78-8129-E46AF2B41220}.Debug|Any CPU.Build.0 = Debug|Any CPU
		{2C446865-2A53-4F78-8129-E46AF2B41220}.Debug|Any CPU.Deploy.0 = Debug|Any CPU
		{2C446865-2A53-4F78-8129-E46AF2B41220}.Release|Any CPU.ActiveCfg = Release|Any CPU
		{2C446865-2A53-4F78-8129-E46AF2B41220}.Release|Any CPU.Build.0 = Release|Any CPU
		{2C446865-2A53-4F78-8129-E46AF2B41220}.Release|Any CPU.Deploy.0 = Release|Any CPU
	EndGlobalSection
	GlobalSection(SolutionProperties) = preSolution
		HideSolutionNode = FALSE
	EndGlobalSection
	GlobalSection(ExtensibilityGlobals) = postSolution
		SolutionGuid = {D598C3E3-520F-49BF-87F8-91AD74AED673}
	EndGlobalSection
EndGlobal
